
Microsoft Visual Studio Solution File, Format Version 12.00
# Visual Studio Version 16
VisualStudioVersion = 16.0.30413.136
MinimumVisualStudioVersion = 10.0.40219.1
Project("{FAE04EC0-301F-11D3-BF4B-00C04F79EFBC}") = "Graf", "Graf\Graf.csproj", "{F14DFD70-7562-4D68-AAF3-BEA250C15DCC}"
EndProject
Global
	GlobalSection(SolutionConfigurationPlatforms) = preSolution
		Debug|Any CPU = Debug|Any CPU
		Release|Any CPU = Release|Any CPU
	EndGlobalSection
	GlobalSection(ProjectConfigurationPlatforms) = postSolution
		{F14DFD70-7562-4D68-AAF3-BEA250C15DCC}.Debug|Any CPU.ActiveCfg = Debug|Any CPU
		{F14DFD70-7562-4D68-AAF3-BEA250C15DCC}.Debug|Any CPU.Build.0 = Debug|Any CPU
		{F14DFD70-7562-4D68-AAF3-BEA250C15DCC}.Release|Any CPU.ActiveCfg = Release|Any CPU
		{F14DFD70-7562-4D68-AAF3-BEA250C15DCC}.Release|Any CPU.Build.0 = Release|Any CPU
	EndGlobalSection
	GlobalSection(SolutionProperties) = preSolution
		HideSolutionNode = FALSE
	EndGlobalSection
	GlobalSection(ExtensibilityGlobals) = postSolution
		SolutionGuid = {B1521E12-6756-41ED-8F8F-B087F35B6FD4}
	EndGlobalSection
EndGlobal
